
Microsoft Visual Studio Solution File, Format Version 12.00
# Visual Studio Version 17
VisualStudioVersion = 17.8.34525.116
MinimumVisualStudioVersion = 10.0.40219.1
Project("{FAE04EC0-301F-11D3-BF4B-00C04F79EFBC}") = "PracticingLINQ", "PracticingLINQ\PracticingLINQ.csproj", "{5B8D1D9F-D1A5-4414-80C1-7D13F581E044}"
EndProject
Global
	GlobalSection(SolutionConfigurationPlatforms) = preSolution
		Debug|Any CPU = Debug|Any CPU
		Release|Any CPU = Release|Any CPU
	EndGlobalSection
	GlobalSection(ProjectConfigurationPlatforms) = postSolution
		{5B8D1D9F-D1A5-4414-80C1-7D13F581E044}.Debug|Any CPU.ActiveCfg = Debug|Any CPU
		{5B8D1D9F-D1A5-4414-80C1-7D13F581E044}.Debug|Any CPU.Build.0 = Debug|Any CPU
		{5B8D1D9F-D1A5-4414-80C1-7D13F581E044}.Release|Any CPU.ActiveCfg = Release|Any CPU
		{5B8D1D9F-D1A5-4414-80C1-7D13F581E044}.Release|Any CPU.Build.0 = Release|Any CPU
	EndGlobalSection
	GlobalSection(SolutionProperties) = preSolution
		HideSolutionNode = FALSE
	EndGlobalSection
	GlobalSection(ExtensibilityGlobals) = postSolution
		SolutionGuid = {DA5C75A4-FAA6-4607-8F91-901BBE5CC5D0}
	EndGlobalSection
EndGlobal
